// !$*UTF8*$!
{
	archiveVersion = 1;
	classes = {
	};
	objectVersion = 46;
	objects = {

/* Begin PBXBuildFile section */
		FC89A9A91C775FEE009DA484 /* UINavigationController+ZHTransition.m in Sources */ = {isa = PBXBuildFile; fileRef = FC89A9A81C775FEE009DA484 /* UINavigationController+ZHTransition.m */; };
		FCC2D43B1C76ACA800665ED2 /* main.m in Sources */ = {isa = PBXBuildFile; fileRef = FCC2D43A1C76ACA800665ED2 /* main.m */; };
		FCC2D43E1C76ACA900665ED2 /* AppDelegate.m in Sources */ = {isa = PBXBuildFile; fileRef = FCC2D43D1C76ACA900665ED2 /* AppDelegate.m */; };
		FCC2D4411C76ACA900665ED2 /* PresentViewController.m in Sources */ = {isa = PBXBuildFile; fileRef = FCC2D4401C76ACA900665ED2 /* PresentViewController.m */; };
		FCC2D4441C76ACA900665ED2 /* Main.storyboard in Resources */ = {isa = PBXBuildFile; fileRef = FCC2D4421C76ACA900665ED2 /* Main.storyboard */; };
		FCC2D4461C76ACA900665ED2 /* Assets.xcassets in Resources */ = {isa = PBXBuildFile; fileRef = FCC2D4451C76ACA900665ED2 /* Assets.xcassets */; };
		FCC2D4491C76ACA900665ED2 /* LaunchScreen.storyboard in Resources */ = {isa = PBXBuildFile; fileRef = FCC2D4471C76ACA900665ED2 /* LaunchScreen.storyboard */; };
		FCC2D4531C76AE8200665ED2 /* UIViewController+ZHTransition.m in Sources */ = {isa = PBXBuildFile; fileRef = FCC2D4521C76AE8200665ED2 /* UIViewController+ZHTransition.m */; };
		FCC2D4551C76B56700665ED2 /* 1.jpg in Resources */ = {isa = PBXBuildFile; fileRef = FCC2D4541C76B56700665ED2 /* 1.jpg */; };
		FCC2D4581C76B5AC00665ED2 /* SecondViewController.m in Sources */ = {isa = PBXBuildFile; fileRef = FCC2D4571C76B5AC00665ED2 /* SecondViewController.m */; };
		FCC2D45B1C77FF1700665ED2 /* PushViewController.m in Sources */ = {isa = PBXBuildFile; fileRef = FCC2D45A1C77FF1700665ED2 /* PushViewController.m */; };
/* End PBXBuildFile section */

/* Begin PBXFileReference section */
		FC89A9A71C775FEE009DA484 /* UINavigationController+ZHTransition.h */ = {isa = PBXFileReference; fileEncoding = 4; lastKnownFileType = sourcecode.c.h; path = "UINavigationController+ZHTransition.h"; sourceTree = "<group>"; };
		FC89A9A81C775FEE009DA484 /* UINavigationController+ZHTransition.m */ = {isa = PBXFileReference; fileEncoding = 4; lastKnownFileType = sourcecode.c.objc; path = "UINavigationController+ZHTransition.m"; sourceTree = "<group>"; };
		FCC2D4361C76ACA800665ED2 /* ViewControllerTransitionDemo.app */ = {isa = PBXFileReference; explicitFileType = wrapper.application; includeInIndex = 0; path = ViewControllerTransitionDemo.app; sourceTree = BUILT_PRODUCTS_DIR; };
		FCC2D43A1C76ACA800665ED2 /* main.m */ = {isa = PBXFileReference; lastKnownFileType = sourcecode.c.objc; path = main.m; sourceTree = "<group>"; };
		FCC2D43C1C76ACA800665ED2 /* AppDelegate.h */ = {isa = PBXFileReference; lastKnownFileType = sourcecode.c.h; path = AppDelegate.h; sourceTree = "<group>"; };
		FCC2D43D1C76ACA900665ED2 /* AppDelegate.m */ = {isa = PBXFileReference; lastKnownFileType = sourcecode.c.objc; path = AppDelegate.m; sourceTree = "<group>"; };
		FCC2D43F1C76ACA900665ED2 /* PresentViewController.h */ = {isa = PBXFileReference; lastKnownFileType = sourcecode.c.h; path = PresentViewController.h; sourceTree = "<group>"; };
		FCC2D4401C76ACA900665ED2 /* PresentViewController.m */ = {isa = PBXFileReference; lastKnownFileType = sourcecode.c.objc; path = PresentViewController.m; sourceTree = "<group>"; };
		FCC2D4431C76ACA900665ED2 /* Base */ = {isa = PBXFileReference; lastKnownFileType = file.storyboard; name = Base; path = Base.lproj/Main.storyboard; sourceTree = "<group>"; };
		FCC2D4451C76ACA900665ED2 /* Assets.xcassets */ = {isa = PBXFileReference; lastKnownFileType = folder.assetcatalog; path = Assets.xcassets; sourceTree = "<group>"; };
		FCC2D4481C76ACA900665ED2 /* Base */ = {isa = PBXFileReference; lastKnownFileType = file.storyboard; name = Base; path = Base.lproj/LaunchScreen.storyboard; sourceTree = "<group>"; };
		FCC2D44A1C76ACA900665ED2 /* Info.plist */ = {isa = PBXFileReference; lastKnownFileType = text.plist.xml; path = Info.plist; sourceTree = "<group>"; };
		FCC2D4511C76AE8200665ED2 /* UIViewController+ZHTransition.h */ = {isa = PBXFileReference; fileEncoding = 4; lastKnownFileType = sourcecode.c.h; path = "UIViewController+ZHTransition.h"; sourceTree = "<group>"; };
		FCC2D4521C76AE8200665ED2 /* UIViewController+ZHTransition.m */ = {isa = PBXFileReference; fileEncoding = 4; lastKnownFileType = sourcecode.c.objc; path = "UIViewController+ZHTransition.m"; sourceTree = "<group>"; };
		FCC2D4541C76B56700665ED2 /* 1.jpg */ = {isa = PBXFileReference; lastKnownFileType = image.jpeg; path = 1.jpg; sourceTree = "<group>"; };
		FCC2D4561C76B5AC00665ED2 /* SecondViewController.h */ = {isa = PBXFileReference; fileEncoding = 4; lastKnownFileType = sourcecode.c.h; path = SecondViewController.h; sourceTree = "<group>"; };
		FCC2D4571C76B5AC00665ED2 /* SecondViewController.m */ = {isa = PBXFileReference; fileEncoding = 4; lastKnownFileType = sourcecode.c.objc; path = SecondViewController.m; sourceTree = "<group>"; };
		FCC2D4591C77FF1700665ED2 /* PushViewController.h */ = {isa = PBXFileReference; fileEncoding = 4; lastKnownFileType = sourcecode.c.h; path = PushViewController.h; sourceTree = "<group>"; };
		FCC2D45A1C77FF1700665ED2 /* PushViewController.m */ = {isa = PBXFileReference; fileEncoding = 4; lastKnownFileType = sourcecode.c.objc; path = PushViewController.m; sourceTree = "<group>"; };
/* End PBXFileReference section */

/* Begin PBXFrameworksBuildPhase section */
		FCC2D4331C76ACA800665ED2 /* Frameworks */ = {
			isa = PBXFrameworksBuildPhase;
			buildActionMask = 2147483647;
			files = (
			);
			runOnlyForDeploymentPostprocessing = 0;
		};
/* End PBXFrameworksBuildPhase section */

/* Begin PBXGroup section */
		FCC2D42D1C76ACA800665ED2 = {
			isa = PBXGroup;
			children = (
				FCC2D4381C76ACA800665ED2 /* ViewControllerTransitionDemo */,
				FCC2D4371C76ACA800665ED2 /* Products */,
			);
			sourceTree = "<group>";
		};
		FCC2D4371C76ACA800665ED2 /* Products */ = {
			isa = PBXGroup;
			children = (
				FCC2D4361C76ACA800665ED2 /* ViewControllerTransitionDemo.app */,
			);
			name = Products;
			sourceTree = "<group>";
		};
		FCC2D4381C76ACA800665ED2 /* ViewControllerTransitionDemo */ = {
			isa = PBXGroup;
			children = (
				FCC2D4501C76AE6400665ED2 /* UIViewController+Transition */,
				FCC2D43C1C76ACA800665ED2 /* AppDelegate.h */,
				FCC2D43D1C76ACA900665ED2 /* AppDelegate.m */,
				FCC2D43F1C76ACA900665ED2 /* PresentViewController.h */,
				FCC2D4401C76ACA900665ED2 /* PresentViewController.m */,
				FCC2D4561C76B5AC00665ED2 /* SecondViewController.h */,
				FCC2D4571C76B5AC00665ED2 /* SecondViewController.m */,
				FCC2D4591C77FF1700665ED2 /* PushViewController.h */,
				FCC2D45A1C77FF1700665ED2 /* PushViewController.m */,
				FCC2D4421C76ACA900665ED2 /* Main.storyboard */,
				FCC2D4541C76B56700665ED2 /* 1.jpg */,
				FCC2D4451C76ACA900665ED2 /* Assets.xcassets */,
				FCC2D4471C76ACA900665ED2 /* LaunchScreen.storyboard */,
				FCC2D44A1C76ACA900665ED2 /* Info.plist */,
				FCC2D4391C76ACA800665ED2 /* Supporting Files */,
			);
			path = ViewControllerTransitionDemo;
			sourceTree = "<group>";
		};
		FCC2D4391C76ACA800665ED2 /* Supporting Files */ = {
			isa = PBXGroup;
			children = (
				FCC2D43A1C76ACA800665ED2 /* main.m */,
			);
			name = "Supporting Files";
			sourceTree = "<group>";
		};
		FCC2D4501C76AE6400665ED2 /* UIViewController+Transition */ = {
			isa = PBXGroup;
			children = (
				FCC2D4511C76AE8200665ED2 /* UIViewController+ZHTransition.h */,
				FCC2D4521C76AE8200665ED2 /* UIViewController+ZHTransition.m */,
				FC89A9A71C775FEE009DA484 /* UINavigationController+ZHTransition.h */,
				FC89A9A81C775FEE009DA484 /* UINavigationController+ZHTransition.m */,
			);
			path = "UIViewController+Transition";
			sourceTree = "<group>";
		};
/* End PBXGroup section */

/* Begin PBXNativeTarget section */
		FCC2D4351C76ACA800665ED2 /* ViewControllerTransitionDemo */ = {
			isa = PBXNativeTarget;
			buildConfigurationList = FCC2D44D1C76ACA900665ED2 /* Build configuration list for PBXNativeTarget "ViewControllerTransitionDemo" */;
			buildPhases = (
				FCC2D4321C76ACA800665ED2 /* Sources */,
				FCC2D4331C76ACA800665ED2 /* Frameworks */,
				FCC2D4341C76ACA800665ED2 /* Resources */,
			);
			buildRules = (
			);
			dependencies = (
			);
			name = ViewControllerTransitionDemo;
			productName = ViewControllerTransitionDemo;
			productReference = FCC2D4361C76ACA800665ED2 /* ViewControllerTransitionDemo.app */;
			productType = "com.apple.product-type.application";
		};
/* End PBXNativeTarget section */

/* Begin PBXProject section */
		FCC2D42E1C76ACA800665ED2 /* Project object */ = {
			isa = PBXProject;
			attributes = {
				LastUpgradeCheck = 0720;
				ORGANIZATIONNAME = wuzhihe;
				TargetAttributes = {
					FCC2D4351C76ACA800665ED2 = {
						CreatedOnToolsVersion = 7.2;
					};
				};
			};
			buildConfigurationList = FCC2D4311C76ACA800665ED2 /* Build configuration list for PBXProject "ViewControllerTransitionDemo" */;
			compatibilityVersion = "Xcode 3.2";
			developmentRegion = English;
			hasScannedForEncodings = 0;
			knownRegions = (
				en,
				Base,
			);
			mainGroup = FCC2D42D1C76ACA800665ED2;
			productRefGroup = FCC2D4371C76ACA800665ED2 /* Products */;
			projectDirPath = "";
			projectRoot = "";
			targets = (
				FCC2D4351C76ACA800665ED2 /* ViewControllerTransitionDemo */,
			);
		};
/* End PBXProject section */

/* Begin PBXResourcesBuildPhase section */
		FCC2D4341C76ACA800665ED2 /* Resources */ = {
			isa = PBXResourcesBuildPhase;
			buildActionMask = 2147483647;
			files = (
				FCC2D4491C76ACA900665ED2 /* LaunchScreen.storyboard in Resources */,
				FCC2D4551C76B56700665ED2 /* 1.jpg in Resources */,
				FCC2D4461C76ACA900665ED2 /* Assets.xcassets in Resources */,
				FCC2D4441C76ACA900665ED2 /* Main.storyboard in Resources */,
			);
			runOnlyForDeploymentPostprocessing = 0;
		};
/* End PBXResourcesBuildPhase section */

/* Begin PBXSourcesBuildPhase section */
		FCC2D4321C76ACA800665ED2 /* Sources */ = {
			isa = PBXSourcesBuildPhase;
			buildActionMask = 2147483647;
			files = (
				FCC2D4581C76B5AC00665ED2 /* SecondViewController.m in Sources */,
				FCC2D4411C76ACA900665ED2 /* PresentViewController.m in Sources */,
				FCC2D43E1C76ACA900665ED2 /* AppDelegate.m in Sources */,
				FCC2D43B1C76ACA800665ED2 /* main.m in Sources */,
				FC89A9A91C775FEE009DA484 /* UINavigationController+ZHTransition.m in Sources */,
				FCC2D45B1C77FF1700665ED2 /* PushViewController.m in Sources */,
				FCC2D4531C76AE8200665ED2 /* UIViewController+ZHTransition.m in Sources */,
			);
			runOnlyForDeploymentPostprocessing = 0;
		};
/* End PBXSourcesBuildPhase section */

/* Begin PBXVariantGroup section */
		FCC2D4421C76ACA900665ED2 /* Main.storyboard */ = {
			isa = PBXVariantGroup;
			children = (
				FCC2D4431C76ACA900665ED2 /* Base */,
			);
			name = Main.storyboard;
			sourceTree = "<group>";
		};
		FCC2D4471C76ACA900665ED2 /* LaunchScreen.storyboard */ = {
			isa = PBXVariantGroup;
			children = (
				FCC2D4481C76ACA900665ED2 /* Base */,
			);
			name = LaunchScreen.storyboard;
			sourceTree = "<group>";
		};
/* End PBXVariantGroup section */

/* Begin XCBuildConfiguration section */
		FCC2D44B1C76ACA900665ED2 /* Debug */ = {
			isa = XCBuildConfiguration;
			buildSettings = {
				ALWAYS_SEARCH_USER_PATHS = NO;
				CLANG_CXX_LANGUAGE_STANDARD = "gnu++0x";
				CLANG_CXX_LIBRARY = "libc++";
				CLANG_ENABLE_MODULES = YES;
				CLANG_ENABLE_OBJC_ARC = YES;
				CLANG_WARN_BOOL_CONVERSION = YES;
				CLANG_WARN_CONSTANT_CONVERSION = YES;
				CLANG_WARN_DIRECT_OBJC_ISA_USAGE = YES_ERROR;
				CLANG_WARN_EMPTY_BODY = YES;
				CLANG_WARN_ENUM_CONVERSION = YES;
				CLANG_WARN_INT_CONVERSION = YES;
				CLANG_WARN_OBJC_ROOT_CLASS = YES_ERROR;
				CLANG_WARN_UNREACHABLE_CODE = YES;
				CLANG_WARN__DUPLICATE_METHOD_MATCH = YES;
				"CODE_SIGN_IDENTITY[sdk=iphoneos*]" = "iPhone Developer";
				COPY_PHASE_STRIP = NO;
				DEBUG_INFORMATION_FORMAT = dwarf;
				ENABLE_STRICT_OBJC_MSGSEND = YES;
				ENABLE_TESTABILITY = YES;
				GCC_C_LANGUAGE_STANDARD = gnu99;
				GCC_DYNAMIC_NO_PIC = NO;
				GCC_NO_COMMON_BLOCKS = YES;
				GCC_OPTIMIZATION_LEVEL = 0;
				GCC_PREPROCESSOR_DEFINITIONS = (
					"DEBUG=1",
					"$(inherited)",
				);
				GCC_WARN_64_TO_32_BIT_CONVERSION = YES;
				GCC_WARN_ABOUT_RETURN_TYPE = YES_ERROR;
				GCC_WARN_UNDECLARED_SELECTOR = YES;
				GCC_WARN_UNINITIALIZED_AUTOS = YES_AGGRESSIVE;
				GCC_WARN_UNUSED_FUNCTION = YES;
				GCC_WARN_UNUSED_VARIABLE = YES;
				IPHONEOS_DEPLOYMENT_TARGET = 9.2;
				MTL_ENABLE_DEBUG_INFO = YES;
				ONLY_ACTIVE_ARCH = YES;
				SDKROOT = iphoneos;
			};
			name = Debug;
		};
		FCC2D44C1C76ACA900665ED2 /* Release */ = {
			isa = XCBuildConfiguration;
			buildSettings = {
				ALWAYS_SEARCH_USER_PATHS = NO;
				CLANG_CXX_LANGUAGE_STANDARD = "gnu++0x";
				CLANG_CXX_LIBRARY = "libc++";
				CLANG_ENABLE_MODULES = YES;
				CLANG_ENABLE_OBJC_ARC = YES;
				CLANG_WARN_BOOL_CONVERSION = YES;
				CLANG_WARN_CONSTANT_CONVERSION = YES;
				CLANG_WARN_DIRECT_OBJC_ISA_USAGE = YES_ERROR;
				CLANG_WARN_EMPTY_BODY = YES;
				CLANG_WARN_ENUM_CONVERSION = YES;
				CLANG_WARN_INT_CONVERSION = YES;
				CLANG_WARN_OBJC_ROOT_CLASS = YES_ERROR;
				CLANG_WARN_UNREACHABLE_CODE = YES;
				CLANG_WARN__DUPLICATE_METHOD_MATCH = YES;
				"CODE_SIGN_IDENTITY[sdk=iphoneos*]" = "iPhone Developer";
				COPY_PHASE_STRIP = NO;
				DEBUG_INFORMATION_FORMAT = "dwarf-with-dsym";
				ENABLE_NS_ASSERTIONS = NO;
				ENABLE_STRICT_OBJC_MSGSEND = YES;
				GCC_C_LANGUAGE_STANDARD = gnu99;
				GCC_NO_COMMON_BLOCKS = YES;
				GCC_WARN_64_TO_32_BIT_CONVERSION = YES;
				GCC_WARN_ABOUT_RETURN_TYPE = YES_ERROR;
				GCC_WARN_UNDECLARED_SELECTOR = YES;
				GCC_WARN_UNINITIALIZED_AUTOS = YES_AGGRESSIVE;
				GCC_WARN_UNUSED_FUNCTION = YES;
				GCC_WARN_UNUSED_VARIABLE = YES;
				IPHONEOS_DEPLOYMENT_TARGET = 9.2;
				MTL_ENABLE_DEBUG_INFO = NO;
				SDKROOT = iphoneos;
				VALIDATE_PRODUCT = YES;
			};
			name = Release;
		};
		FCC2D44E1C76ACA900665ED2 /* Debug */ = {
			isa = XCBuildConfiguration;
			buildSettings = {
				ASSETCATALOG_COMPILER_APPICON_NAME = AppIcon;
				INFOPLIST_FILE = ViewControllerTransitionDemo/Info.plist;
				LD_RUNPATH_SEARCH_PATHS = "$(inherited) @executable_path/Frameworks";
				PRODUCT_BUNDLE_IDENTIFIER = www.ViewControllerTransitionDemo;
				PRODUCT_NAME = "$(TARGET_NAME)";
			};
			name = Debug;
		};
		FCC2D44F1C76ACA900665ED2 /* Release */ = {
			isa = XCBuildConfiguration;
			buildSettings = {
				ASSETCATALOG_COMPILER_APPICON_NAME = AppIcon;
				INFOPLIST_FILE = ViewControllerTransitionDemo/Info.plist;
				LD_RUNPATH_SEARCH_PATHS = "$(inherited) @executable_path/Frameworks";
				PRODUCT_BUNDLE_IDENTIFIER = www.ViewControllerTransitionDemo;
				PRODUCT_NAME = "$(TARGET_NAME)";
			};
			name = Release;
		};
/* End XCBuildConfiguration section */

/* Begin XCConfigurationList section */
		FCC2D4311C76ACA800665ED2 /* Build configuration list for PBXProject "ViewControllerTransitionDemo" */ = {
			isa = XCConfigurationList;
			buildConfigurations = (
				FCC2D44B1C76ACA900665ED2 /* Debug */,
				FCC2D44C1C76ACA900665ED2 /* Release */,
			);
			defaultConfigurationIsVisible = 0;
			defaultConfigurationName = Release;
		};
		FCC2D44D1C76ACA900665ED2 /* Build configuration list for PBXNativeTarget "ViewControllerTransitionDemo" */ = {
			isa = XCConfigurationList;
			buildConfigurations = (
				FCC2D44E1C76ACA900665ED2 /* Debug */,
				FCC2D44F1C76ACA900665ED2 /* Release */,
			);
			defaultConfigurationIsVisible = 0;
			defaultConfigurationName = Release;
		};
/* End XCConfigurationList section */
	};
	rootObject = FCC2D42E1C76ACA800665ED2 /* Project object */;
}
